
Microsoft Visual Studio Solution File, Format Version 12.00
# Visual Studio Version 16
VisualStudioVersion = 16.0.30114.105
MinimumVisualStudioVersion = 10.0.40219.1
Project("{FAE04EC0-301F-11D3-BF4B-00C04F79EFBC}") = "MS_Word_OpenXmlEditor", "MS_Word_OpenXmlEditor\MS_Word_OpenXmlEditor.csproj", "{1EBF2369-0478-4435-844E-3BC487F8073B}"
EndProject
Global
	GlobalSection(SolutionConfigurationPlatforms) = preSolution
		Debug|Any CPU = Debug|Any CPU
		Release|Any CPU = Release|Any CPU
	EndGlobalSection
	GlobalSection(ProjectConfigurationPlatforms) = postSolution
		{1EBF2369-0478-4435-844E-3BC487F8073B}.Debug|Any CPU.ActiveCfg = Debug|Any CPU
		{1EBF2369-0478-4435-844E-3BC487F8073B}.Debug|Any CPU.Build.0 = Debug|Any CPU
		{1EBF2369-0478-4435-844E-3BC487F8073B}.Release|Any CPU.ActiveCfg = Release|Any CPU
		{1EBF2369-0478-4435-844E-3BC487F8073B}.Release|Any CPU.Build.0 = Release|Any CPU
	EndGlobalSection
	GlobalSection(SolutionProperties) = preSolution
		HideSolutionNode = FALSE
	EndGlobalSection
	GlobalSection(ExtensibilityGlobals) = postSolution
		SolutionGuid = {A4C13140-A7DA-4055-BF9C-07CAF252E04D}
	EndGlobalSection
EndGlobal
